name: update-flake-lock
on:
  push:
    branches:
      - main
    paths:
      - ".github/workflows/update-flake-lock.yml"
      - "flake.lock"
  workflow_dispatch: # allows manual triggering
  schedule:
    - cron: '50 8 1 * *' # runs on the first day of every month at 08:50

permissions:
  contents: write
  pull-requests: write

jobs:
  lockfile:
    runs-on: ubuntu-latest
    steps:
      - name: Checkout repository
        uses: actions/checkout@v5
      - name: Install Nix
        uses: DeterminateSystems/nix-installer-action@main
      - name: Update flake.lock
        uses: DeterminateSystems/update-flake-lock@main
        with:
          pr-title: "Update flake.lock" # Title of PR to be created
          pr-labels: |                  # Labels to be set on the PR
            dependencies
            automated
